Microsoft Visual Studio Solution File, Format Version 12.00
# Visual Studio Version 17
VisualStudioVersion = 17.0.31919.166
MinimumVisualStudioVersion = 10.0.40219.1
Project("{2150E333-8FDC-42A3-9474-1A3956D46DE8}") = "Ui", "Ui", "{9A9CD6D3-5087-4AA9-9F92-28D4972BE00D}"
EndProject
Project("{9A19103F-16F7-4668-BE54-9A1E7A4F7556}") = "Ui.ConsoleApp", "Ui\Ui.ConsoleApp\Ui.ConsoleApp.csproj", "{3B88994D-E5FC-49F9-946B-3860896665DA}"
EndProject
Project("{2150E333-8FDC-42A3-9474-1A3956D46DE8}") = "Installation", "Installation", "{177D70AB-07E8-443D-9232-1E25E122FF1E}"
EndProject
Project("{54435603-DBB4-11D2-8724-00A0C9A8B90C}") = "Installation.Msi", "Installation\Installation.Msi\Installation.Msi.vdproj", "{B6DE6CF2-AF0F-49F0-ABDC-0CEF254557C8}"
EndProject
Project("{FAE04EC0-301F-11D3-BF4B-00C04F79EFBC}") = "Installation.Logic", "Installation\Installation.Logic\Installation.Logic.csproj", "{3A689065-322E-4DA5-8E05-1FB9E12B6E11}"
EndProject
Global
	GlobalSection(SolutionConfigurationPlatforms) = preSolution
		Debug|Any CPU = Debug|Any CPU
		Debug|ARM = Debug|ARM
		Debug|x64 = Debug|x64
		Debug|x86 = Debug|x86
		Release|Any CPU = Release|Any CPU
		Release|ARM = Release|ARM
		Release|x64 = Release|x64
		Release|x86 = Release|x86
	EndGlobalSection
	GlobalSection(ProjectConfigurationPlatforms) = postSolution
		{3B88994D-E5FC-49F9-946B-3860896665DA}.Debug|Any CPU.ActiveCfg = Debug|Any CPU
		{3B88994D-E5FC-49F9-946B-3860896665DA}.Debug|Any CPU.Build.0 = Debug|Any CPU
		{3B88994D-E5FC-49F9-946B-3860896665DA}.Debug|ARM.ActiveCfg = Debug|Any CPU
		{3B88994D-E5FC-49F9-946B-3860896665DA}.Debug|ARM.Build.0 = Debug|Any CPU
		{3B88994D-E5FC-49F9-946B-3860896665DA}.Debug|x64.ActiveCfg = Debug|Any CPU
		{3B88994D-E5FC-49F9-946B-3860896665DA}.Debug|x64.Build.0 = Debug|Any CPU
		{3B88994D-E5FC-49F9-946B-3860896665DA}.Debug|x86.ActiveCfg = Debug|Any CPU
		{3B88994D-E5FC-49F9-946B-3860896665DA}.Debug|x86.Build.0 = Debug|Any CPU
		{3B88994D-E5FC-49F9-946B-3860896665DA}.Release|Any CPU.ActiveCfg = Release|Any CPU
		{3B88994D-E5FC-49F9-946B-3860896665DA}.Release|Any CPU.Build.0 = Release|Any CPU
		{3B88994D-E5FC-49F9-946B-3860896665DA}.Release|ARM.ActiveCfg = Release|Any CPU
		{3B88994D-E5FC-49F9-946B-3860896665DA}.Release|ARM.Build.0 = Release|Any CPU
		{3B88994D-E5FC-49F9-946B-3860896665DA}.Release|x64.ActiveCfg = Release|Any CPU
		{3B88994D-E5FC-49F9-946B-3860896665DA}.Release|x64.Build.0 = Release|Any CPU
		{3B88994D-E5FC-49F9-946B-3860896665DA}.Release|x86.ActiveCfg = Release|Any CPU
		{3B88994D-E5FC-49F9-946B-3860896665DA}.Release|x86.Build.0 = Release|Any CPU
		{B6DE6CF2-AF0F-49F0-ABDC-0CEF254557C8}.Debug|Any CPU.ActiveCfg = Debug
		{B6DE6CF2-AF0F-49F0-ABDC-0CEF254557C8}.Debug|ARM.ActiveCfg = Debug
		{B6DE6CF2-AF0F-49F0-ABDC-0CEF254557C8}.Debug|x64.ActiveCfg = Debug
		{B6DE6CF2-AF0F-49F0-ABDC-0CEF254557C8}.Debug|x86.ActiveCfg = Debug
		{B6DE6CF2-AF0F-49F0-ABDC-0CEF254557C8}.Release|Any CPU.ActiveCfg = Release
		{B6DE6CF2-AF0F-49F0-ABDC-0CEF254557C8}.Release|ARM.ActiveCfg = Release
		{B6DE6CF2-AF0F-49F0-ABDC-0CEF254557C8}.Release|x64.ActiveCfg = Release
		{B6DE6CF2-AF0F-49F0-ABDC-0CEF254557C8}.Release|x86.ActiveCfg = Release
		{3A689065-322E-4DA5-8E05-1FB9E12B6E11}.Debug|Any CPU.ActiveCfg = Debug|Any CPU
		{3A689065-322E-4DA5-8E05-1FB9E12B6E11}.Debug|Any CPU.Build.0 = Debug|Any CPU
		{3A689065-322E-4DA5-8E05-1FB9E12B6E11}.Debug|ARM.ActiveCfg = Debug|Any CPU
		{3A689065-322E-4DA5-8E05-1FB9E12B6E11}.Debug|ARM.Build.0 = Debug|Any CPU
		{3A689065-322E-4DA5-8E05-1FB9E12B6E11}.Debug|x64.ActiveCfg = Debug|Any CPU
		{3A689065-322E-4DA5-8E05-1FB9E12B6E11}.Debug|x64.Build.0 = Debug|Any CPU
		{3A689065-322E-4DA5-8E05-1FB9E12B6E11}.Debug|x86.ActiveCfg = Debug|Any CPU
		{3A689065-322E-4DA5-8E05-1FB9E12B6E11}.Debug|x86.Build.0 = Debug|Any CPU
		{3A689065-322E-4DA5-8E05-1FB9E12B6E11}.Release|Any CPU.ActiveCfg = Release|Any CPU
		{3A689065-322E-4DA5-8E05-1FB9E12B6E11}.Release|Any CPU.Build.0 = Release|Any CPU
		{3A689065-322E-4DA5-8E05-1FB9E12B6E11}.Release|ARM.ActiveCfg = Release|Any CPU
		{3A689065-322E-4DA5-8E05-1FB9E12B6E11}.Release|ARM.Build.0 = Release|Any CPU
		{3A689065-322E-4DA5-8E05-1FB9E12B6E11}.Release|x64.ActiveCfg = Release|Any CPU
		{3A689065-322E-4DA5-8E05-1FB9E12B6E11}.Release|x64.Build.0 = Release|Any CPU
		{3A689065-322E-4DA5-8E05-1FB9E12B6E11}.Release|x86.ActiveCfg = Release|Any CPU
		{3A689065-322E-4DA5-8E05-1FB9E12B6E11}.Release|x86.Build.0 = Release|Any CPU
	EndGlobalSection
	GlobalSection(SolutionProperties) = preSolution
		HideSolutionNode = FALSE
	EndGlobalSection
	GlobalSection(NestedProjects) = preSolution
		{3B88994D-E5FC-49F9-946B-3860896665DA} = {9A9CD6D3-5087-4AA9-9F92-28D4972BE00D}
		{B6DE6CF2-AF0F-49F0-ABDC-0CEF254557C8} = {177D70AB-07E8-443D-9232-1E25E122FF1E}
		{3A689065-322E-4DA5-8E05-1FB9E12B6E11} = {177D70AB-07E8-443D-9232-1E25E122FF1E}
	EndGlobalSection
	GlobalSection(ExtensibilityGlobals) = postSolution
		SolutionGuid = {10A98933-922B-4F99-B34F-40373127B24D}
	EndGlobalSection
EndGlobal
